
Microsoft Visual Studio Solution File, Format Version 12.00
# Visual Studio Version 17
VisualStudioVersion = 17.2.32602.215
MinimumVisualStudioVersion = 10.0.40219.1
Project("{9A19103F-16F7-4668-BE54-9A1E7A4F7556}") = "Final_Project", "Final_Project\Final_Project.csproj", "{187ACE6B-3638-4533-8C7F-DBF1C77E63E8}"
EndProject
Project("{9A19103F-16F7-4668-BE54-9A1E7A4F7556}") = "Application", "Application\Application.csproj", "{9E2849CB-C6AC-4E1A-8696-CC0AC8AD4CD7}"
EndProject
Project("{FAE04EC0-301F-11D3-BF4B-00C04F79EFBC}") = "Menu", "Menu\Menu.csproj", "{2B065044-4AFF-423D-BF23-BA0BB5FB6BC2}"
EndProject
Global
	GlobalSection(SolutionConfigurationPlatforms) = preSolution
		Debug|Any CPU = Debug|Any CPU
		Release|Any CPU = Release|Any CPU
	EndGlobalSection
	GlobalSection(ProjectConfigurationPlatforms) = postSolution
		{187ACE6B-3638-4533-8C7F-DBF1C77E63E8}.Debug|Any CPU.ActiveCfg = Debug|Any CPU
		{187ACE6B-3638-4533-8C7F-DBF1C77E63E8}.Debug|Any CPU.Build.0 = Debug|Any CPU
		{187ACE6B-3638-4533-8C7F-DBF1C77E63E8}.Release|Any CPU.ActiveCfg = Release|Any CPU
		{187ACE6B-3638-4533-8C7F-DBF1C77E63E8}.Release|Any CPU.Build.0 = Release|Any CPU
		{9E2849CB-C6AC-4E1A-8696-CC0AC8AD4CD7}.Debug|Any CPU.ActiveCfg = Debug|Any CPU
		{9E2849CB-C6AC-4E1A-8696-CC0AC8AD4CD7}.Debug|Any CPU.Build.0 = Debug|Any CPU
		{9E2849CB-C6AC-4E1A-8696-CC0AC8AD4CD7}.Release|Any CPU.ActiveCfg = Release|Any CPU
		{9E2849CB-C6AC-4E1A-8696-CC0AC8AD4CD7}.Release|Any CPU.Build.0 = Release|Any CPU
		{2B065044-4AFF-423D-BF23-BA0BB5FB6BC2}.Debug|Any CPU.ActiveCfg = Debug|Any CPU
		{2B065044-4AFF-423D-BF23-BA0BB5FB6BC2}.Debug|Any CPU.Build.0 = Debug|Any CPU
		{2B065044-4AFF-423D-BF23-BA0BB5FB6BC2}.Release|Any CPU.ActiveCfg = Release|Any CPU
		{2B065044-4AFF-423D-BF23-BA0BB5FB6BC2}.Release|Any CPU.Build.0 = Release|Any CPU
	EndGlobalSection
	GlobalSection(SolutionProperties) = preSolution
		HideSolutionNode = FALSE
	EndGlobalSection
	GlobalSection(ExtensibilityGlobals) = postSolution
		SolutionGuid = {01E999B6-2187-40F7-A339-A5799693CB4C}
	EndGlobalSection
EndGlobal
